
Microsoft Visual Studio Solution File, Format Version 12.00
# Visual Studio 15
VisualStudioVersion = 15.0.27004.2010
MinimumVisualStudioVersion = 10.0.40219.1
Project("{FAE04EC0-301F-11D3-BF4B-00C04F79EFBC}") = "TalentClassLibrary", "TalentClassLibrary\TalentClassLibrary.csproj", "{ECFEB2C1-9D08-454F-8530-9E7384F4E896}"
EndProject
Project("{FAE04EC0-301F-11D3-BF4B-00C04F79EFBC}") = "TalentClassLibraryTests", "TalentClassLibraryTests\TalentClassLibraryTests.csproj", "{89A216DC-F3A4-41E1-A247-235002DD6439}"
EndProject
Project("{FAE04EC0-301F-11D3-BF4B-00C04F79EFBC}") = "TalentWindowsFormsApp", "TalentWindowsFormsApp\TalentWindowsFormsApp.csproj", "{EF61827C-20EF-4BA7-9BBA-777EF978C4BF}"
EndProject
Global
	GlobalSection(SolutionConfigurationPlatforms) = preSolution
		Debug|Any CPU = Debug|Any CPU
		Release|Any CPU = Release|Any CPU
	EndGlobalSection
	GlobalSection(ProjectConfigurationPlatforms) = postSolution
		{ECFEB2C1-9D08-454F-8530-9E7384F4E896}.Debug|Any CPU.ActiveCfg = Debug|Any CPU
		{ECFEB2C1-9D08-454F-8530-9E7384F4E896}.Debug|Any CPU.Build.0 = Debug|Any CPU
		{ECFEB2C1-9D08-454F-8530-9E7384F4E896}.Release|Any CPU.ActiveCfg = Release|Any CPU
		{ECFEB2C1-9D08-454F-8530-9E7384F4E896}.Release|Any CPU.Build.0 = Release|Any CPU
		{89A216DC-F3A4-41E1-A247-235002DD6439}.Debug|Any CPU.ActiveCfg = Debug|Any CPU
		{89A216DC-F3A4-41E1-A247-235002DD6439}.Debug|Any CPU.Build.0 = Debug|Any CPU
		{89A216DC-F3A4-41E1-A247-235002DD6439}.Release|Any CPU.ActiveCfg = Release|Any CPU
		{89A216DC-F3A4-41E1-A247-235002DD6439}.Release|Any CPU.Build.0 = Release|Any CPU
		{EF61827C-20EF-4BA7-9BBA-777EF978C4BF}.Debug|Any CPU.ActiveCfg = Debug|Any CPU
		{EF61827C-20EF-4BA7-9BBA-777EF978C4BF}.Debug|Any CPU.Build.0 = Debug|Any CPU
		{EF61827C-20EF-4BA7-9BBA-777EF978C4BF}.Release|Any CPU.ActiveCfg = Release|Any CPU
		{EF61827C-20EF-4BA7-9BBA-777EF978C4BF}.Release|Any CPU.Build.0 = Release|Any CPU
	EndGlobalSection
	GlobalSection(SolutionProperties) = preSolution
		HideSolutionNode = FALSE
	EndGlobalSection
	GlobalSection(ExtensibilityGlobals) = postSolution
		SolutionGuid = {86B6A88C-9978-464F-A4B2-5E6AB98F49A4}
	EndGlobalSection
EndGlobal
